
Microsoft Visual Studio Solution File, Format Version 12.00
# Visual Studio Version 17
VisualStudioVersion = 17.0.31903.59
MinimumVisualStudioVersion = 10.0.40219.1
Project("{9A19103F-16F7-4668-BE54-9A1E7A4F7556}") = "SupportTicketAnalyzer", "SupportTicketAnalyzer\SupportTicketAnalyzer.csproj", "{85861978-40EB-4ABD-B9D0-CA4C9553C19A}"
EndProject
Project("{9A19103F-16F7-4668-BE54-9A1E7A4F7556}") = "InstructSharp", "..\InstructSharp\InstructSharp.csproj", "{27D8B202-A24B-411E-92F1-C68EB5FD3370}"
EndProject
Project("{9A19103F-16F7-4668-BE54-9A1E7A4F7556}") = "ProductReviewAnalyzer", "ProductReviewAnalyzer\ProductReviewAnalyzer.csproj", "{B8718768-3B2A-4C44-8CEC-97075983F00A}"
EndProject
Project("{9A19103F-16F7-4668-BE54-9A1E7A4F7556}") = "AdvancedReasoningExample", "AdvancedReasoningExample\AdvancedReasoningExample.csproj", "{C1234567-89AB-CDEF-0123-456789ABCDEF}"
EndProject
Project("{9A19103F-16F7-4668-BE54-9A1E7A4F7556}") = "LatestModelsShowcase", "LatestModelsShowcase\LatestModelsShowcase.csproj", "{D9876543-21FE-DCBA-9876-543210FEDCBA}"
EndProject
Project("{FAE04EC0-301F-11D3-BF4B-00C04F79EFBC}") = "StreamingResponses", "StreamingResponses\StreamingResponses.csproj", "{92393D2D-59F8-483B-971A-191A720BF5A2}"
EndProject
Project("{FAE04EC0-301F-11D3-BF4B-00C04F79EFBC}") = "ImageAnalyzer", "ImageAnalyzer\ImageAnalyzer.csproj", "{85E8D6B4-EDD2-4D51-8EF8-D3CF19F7B579}"
EndProject
Project("{9A19103F-16F7-4668-BE54-9A1E7A4F7556}") = "WebSearchExample", "WebSearchExample\WebSearchExample.csproj", "{518670D7-C657-4834-A0C1-909465EAF975}"
EndProject
Project("{FAE04EC0-301F-11D3-BF4B-00C04F79EFBC}") = "ImageGeneration", "ImageGeneration\ImageGeneration.csproj", "{D2B3A936-EC0B-42E6-98B3-E9479D24A3C2}"
EndProject
Project("{9A19103F-16F7-4668-BE54-9A1E7A4F7556}") = "StreamingWithTools", "StreamingWithTools\StreamingWithTools.csproj", "{7B06D9A6-08DC-4E5E-BEDD-5CDF6621B59D}"
EndProject
Project("{FAE04EC0-301F-11D3-BF4B-00C04F79EFBC}") = "ContinualConversation", "ContinualConversation\ContinualConversation.csproj", "{38017D7D-561E-452A-9BC3-37735A2400CC}"
EndProject
Global
	GlobalSection(SolutionConfigurationPlatforms) = preSolution
		Debug|Any CPU = Debug|Any CPU
		Release|Any CPU = Release|Any CPU
	EndGlobalSection
	GlobalSection(ProjectConfigurationPlatforms) = postSolution
		{85861978-40EB-4ABD-B9D0-CA4C9553C19A}.Debug|Any CPU.ActiveCfg = Debug|Any CPU
		{85861978-40EB-4ABD-B9D0-CA4C9553C19A}.Debug|Any CPU.Build.0 = Debug|Any CPU
		{85861978-40EB-4ABD-B9D0-CA4C9553C19A}.Release|Any CPU.ActiveCfg = Release|Any CPU
		{85861978-40EB-4ABD-B9D0-CA4C9553C19A}.Release|Any CPU.Build.0 = Release|Any CPU
		{27D8B202-A24B-411E-92F1-C68EB5FD3370}.Debug|Any CPU.ActiveCfg = Debug|Any CPU
		{27D8B202-A24B-411E-92F1-C68EB5FD3370}.Debug|Any CPU.Build.0 = Debug|Any CPU
		{27D8B202-A24B-411E-92F1-C68EB5FD3370}.Release|Any CPU.ActiveCfg = Release|Any CPU
		{27D8B202-A24B-411E-92F1-C68EB5FD3370}.Release|Any CPU.Build.0 = Release|Any CPU
		{B8718768-3B2A-4C44-8CEC-97075983F00A}.Debug|Any CPU.ActiveCfg = Debug|Any CPU
		{B8718768-3B2A-4C44-8CEC-97075983F00A}.Debug|Any CPU.Build.0 = Debug|Any CPU
		{B8718768-3B2A-4C44-8CEC-97075983F00A}.Release|Any CPU.ActiveCfg = Release|Any CPU
		{B8718768-3B2A-4C44-8CEC-97075983F00A}.Release|Any CPU.Build.0 = Release|Any CPU
		{C1234567-89AB-CDEF-0123-456789ABCDEF}.Debug|Any CPU.ActiveCfg = Debug|Any CPU
		{C1234567-89AB-CDEF-0123-456789ABCDEF}.Debug|Any CPU.Build.0 = Debug|Any CPU
		{C1234567-89AB-CDEF-0123-456789ABCDEF}.Release|Any CPU.ActiveCfg = Release|Any CPU
		{C1234567-89AB-CDEF-0123-456789ABCDEF}.Release|Any CPU.Build.0 = Release|Any CPU
		{D9876543-21FE-DCBA-9876-543210FEDCBA}.Debug|Any CPU.ActiveCfg = Debug|Any CPU
		{D9876543-21FE-DCBA-9876-543210FEDCBA}.Debug|Any CPU.Build.0 = Debug|Any CPU
		{D9876543-21FE-DCBA-9876-543210FEDCBA}.Release|Any CPU.ActiveCfg = Release|Any CPU
		{D9876543-21FE-DCBA-9876-543210FEDCBA}.Release|Any CPU.Build.0 = Release|Any CPU
		{92393D2D-59F8-483B-971A-191A720BF5A2}.Debug|Any CPU.ActiveCfg = Debug|Any CPU
		{92393D2D-59F8-483B-971A-191A720BF5A2}.Debug|Any CPU.Build.0 = Debug|Any CPU
		{92393D2D-59F8-483B-971A-191A720BF5A2}.Release|Any CPU.ActiveCfg = Release|Any CPU
		{92393D2D-59F8-483B-971A-191A720BF5A2}.Release|Any CPU.Build.0 = Release|Any CPU
		{85E8D6B4-EDD2-4D51-8EF8-D3CF19F7B579}.Debug|Any CPU.ActiveCfg = Debug|Any CPU
		{85E8D6B4-EDD2-4D51-8EF8-D3CF19F7B579}.Debug|Any CPU.Build.0 = Debug|Any CPU
		{85E8D6B4-EDD2-4D51-8EF8-D3CF19F7B579}.Release|Any CPU.ActiveCfg = Release|Any CPU
		{85E8D6B4-EDD2-4D51-8EF8-D3CF19F7B579}.Release|Any CPU.Build.0 = Release|Any CPU
		{518670D7-C657-4834-A0C1-909465EAF975}.Debug|Any CPU.ActiveCfg = Debug|Any CPU
		{518670D7-C657-4834-A0C1-909465EAF975}.Debug|Any CPU.Build.0 = Debug|Any CPU
		{518670D7-C657-4834-A0C1-909465EAF975}.Release|Any CPU.ActiveCfg = Release|Any CPU
		{518670D7-C657-4834-A0C1-909465EAF975}.Release|Any CPU.Build.0 = Release|Any CPU
		{D2B3A936-EC0B-42E6-98B3-E9479D24A3C2}.Debug|Any CPU.ActiveCfg = Debug|Any CPU
		{D2B3A936-EC0B-42E6-98B3-E9479D24A3C2}.Debug|Any CPU.Build.0 = Debug|Any CPU
		{D2B3A936-EC0B-42E6-98B3-E9479D24A3C2}.Release|Any CPU.ActiveCfg = Release|Any CPU
		{D2B3A936-EC0B-42E6-98B3-E9479D24A3C2}.Release|Any CPU.Build.0 = Release|Any CPU
		{7B06D9A6-08DC-4E5E-BEDD-5CDF6621B59D}.Debug|Any CPU.ActiveCfg = Debug|Any CPU
		{7B06D9A6-08DC-4E5E-BEDD-5CDF6621B59D}.Debug|Any CPU.Build.0 = Debug|Any CPU
		{7B06D9A6-08DC-4E5E-BEDD-5CDF6621B59D}.Release|Any CPU.ActiveCfg = Release|Any CPU
		{7B06D9A6-08DC-4E5E-BEDD-5CDF6621B59D}.Release|Any CPU.Build.0 = Release|Any CPU
		{38017D7D-561E-452A-9BC3-37735A2400CC}.Debug|Any CPU.ActiveCfg = Debug|Any CPU
		{38017D7D-561E-452A-9BC3-37735A2400CC}.Debug|Any CPU.Build.0 = Debug|Any CPU
		{38017D7D-561E-452A-9BC3-37735A2400CC}.Release|Any CPU.ActiveCfg = Release|Any CPU
		{38017D7D-561E-452A-9BC3-37735A2400CC}.Release|Any CPU.Build.0 = Release|Any CPU
	EndGlobalSection
	GlobalSection(SolutionProperties) = preSolution
		HideSolutionNode = FALSE
	EndGlobalSection
	GlobalSection(ExtensibilityGlobals) = postSolution
		SolutionGuid = {BFCFE69B-D743-4844-9356-200BCCCE83C2}
	EndGlobalSection
EndGlobal
